
Microsoft Visual Studio Solution File, Format Version 12.00
# Visual Studio Version 17
VisualStudioVersion = 17.8.34309.116
MinimumVisualStudioVersion = 10.0.40219.1
Project("{9A19103F-16F7-4668-BE54-9A1E7A4F7556}") = "XafGptFiller.Module", "XafGptFiller.Module\XafGptFiller.Module.csproj", "{034EC0BC-ACB9-42DF-A9EA-4F14B8C67B5A}"
EndProject
Project("{9A19103F-16F7-4668-BE54-9A1E7A4F7556}") = "XafGptFiller.Blazor.Server", "XafGptFiller.Blazor.Server\XafGptFiller.Blazor.Server.csproj", "{A13A41B7-FC54-44DD-8151-0ED570B4FCE0}"
EndProject
Project("{2150E333-8FDC-42A3-9474-1A3956D46DE8}") = "方案項目", "方案項目", "{5254F59C-AA6D-4F92-80F1-965E356C9B47}"
	ProjectSection(SolutionItems) = preProject
		README.MD = README.MD
		xaf_datafiller.gif = xaf_datafiller.gif
	EndProjectSection
EndProject
Global
	GlobalSection(SolutionConfigurationPlatforms) = preSolution
		Debug|Any CPU = Debug|Any CPU
		EasyTest|Any CPU = EasyTest|Any CPU
		Release|Any CPU = Release|Any CPU
	EndGlobalSection
	GlobalSection(ProjectConfigurationPlatforms) = postSolution
		{034EC0BC-ACB9-42DF-A9EA-4F14B8C67B5A}.Debug|Any CPU.ActiveCfg = Debug|Any CPU
		{034EC0BC-ACB9-42DF-A9EA-4F14B8C67B5A}.Debug|Any CPU.Build.0 = Debug|Any CPU
		{034EC0BC-ACB9-42DF-A9EA-4F14B8C67B5A}.EasyTest|Any CPU.ActiveCfg = EasyTest|Any CPU
		{034EC0BC-ACB9-42DF-A9EA-4F14B8C67B5A}.EasyTest|Any CPU.Build.0 = EasyTest|Any CPU
		{034EC0BC-ACB9-42DF-A9EA-4F14B8C67B5A}.Release|Any CPU.ActiveCfg = Release|Any CPU
		{034EC0BC-ACB9-42DF-A9EA-4F14B8C67B5A}.Release|Any CPU.Build.0 = Release|Any CPU
		{A13A41B7-FC54-44DD-8151-0ED570B4FCE0}.Debug|Any CPU.ActiveCfg = Debug|Any CPU
		{A13A41B7-FC54-44DD-8151-0ED570B4FCE0}.Debug|Any CPU.Build.0 = Debug|Any CPU
		{A13A41B7-FC54-44DD-8151-0ED570B4FCE0}.EasyTest|Any CPU.ActiveCfg = EasyTest|Any CPU
		{A13A41B7-FC54-44DD-8151-0ED570B4FCE0}.EasyTest|Any CPU.Build.0 = EasyTest|Any CPU
		{A13A41B7-FC54-44DD-8151-0ED570B4FCE0}.Release|Any CPU.ActiveCfg = Release|Any CPU
		{A13A41B7-FC54-44DD-8151-0ED570B4FCE0}.Release|Any CPU.Build.0 = Release|Any CPU
	EndGlobalSection
	GlobalSection(SolutionProperties) = preSolution
		HideSolutionNode = FALSE
	EndGlobalSection
	GlobalSection(ExtensibilityGlobals) = postSolution
		SolutionGuid = {7D39426F-8E36-4F98-863E-83C52475791E}
	EndGlobalSection
EndGlobal
